
Microsoft Visual Studio Solution File, Format Version 12.00
# Visual Studio Version 17
VisualStudioVersion = 17.2.32526.322
MinimumVisualStudioVersion = 10.0.40219.1
Project("{FAE04EC0-301F-11D3-BF4B-00C04F79EFBC}") = "MvcProjeKampi", "MvcProjeKampi.csproj", "{E044A5A2-3CFE-4156-81DA-B3BC2BDF2D25}"
EndProject
Project("{FAE04EC0-301F-11D3-BF4B-00C04F79EFBC}") = "EntityLayer", "..\EntityLayer\EntityLayer.csproj", "{7ED6EAA8-5543-4FFB-88F9-682C457521CD}"
EndProject
Project("{FAE04EC0-301F-11D3-BF4B-00C04F79EFBC}") = "DataAccessLayer", "..\DataAccessLayer\DataAccessLayer.csproj", "{9BBB7BFB-23F0-4965-BDB1-994A60F136D8}"
EndProject
Project("{FAE04EC0-301F-11D3-BF4B-00C04F79EFBC}") = "BusinessLayer", "..\BusinessLayer\BusinessLayer.csproj", "{175BA1BF-5DED-410D-8BE1-7FE01957BB4A}"
EndProject
Global
	GlobalSection(SolutionConfigurationPlatforms) = preSolution
		Debug|Any CPU = Debug|Any CPU
		Release|Any CPU = Release|Any CPU
	EndGlobalSection
	GlobalSection(ProjectConfigurationPlatforms) = postSolution
		{E044A5A2-3CFE-4156-81DA-B3BC2BDF2D25}.Debug|Any CPU.ActiveCfg = Debug|Any CPU
		{E044A5A2-3CFE-4156-81DA-B3BC2BDF2D25}.Debug|Any CPU.Build.0 = Debug|Any CPU
		{E044A5A2-3CFE-4156-81DA-B3BC2BDF2D25}.Release|Any CPU.ActiveCfg = Release|Any CPU
		{E044A5A2-3CFE-4156-81DA-B3BC2BDF2D25}.Release|Any CPU.Build.0 = Release|Any CPU
		{7ED6EAA8-5543-4FFB-88F9-682C457521CD}.Debug|Any CPU.ActiveCfg = Debug|Any CPU
		{7ED6EAA8-5543-4FFB-88F9-682C457521CD}.Debug|Any CPU.Build.0 = Debug|Any CPU
		{7ED6EAA8-5543-4FFB-88F9-682C457521CD}.Release|Any CPU.ActiveCfg = Release|Any CPU
		{7ED6EAA8-5543-4FFB-88F9-682C457521CD}.Release|Any CPU.Build.0 = Release|Any CPU
		{9BBB7BFB-23F0-4965-BDB1-994A60F136D8}.Debug|Any CPU.ActiveCfg = Debug|Any CPU
		{9BBB7BFB-23F0-4965-BDB1-994A60F136D8}.Debug|Any CPU.Build.0 = Debug|Any CPU
		{9BBB7BFB-23F0-4965-BDB1-994A60F136D8}.Release|Any CPU.ActiveCfg = Release|Any CPU
		{9BBB7BFB-23F0-4965-BDB1-994A60F136D8}.Release|Any CPU.Build.0 = Release|Any CPU
		{175BA1BF-5DED-410D-8BE1-7FE01957BB4A}.Debug|Any CPU.ActiveCfg = Debug|Any CPU
		{175BA1BF-5DED-410D-8BE1-7FE01957BB4A}.Debug|Any CPU.Build.0 = Debug|Any CPU
		{175BA1BF-5DED-410D-8BE1-7FE01957BB4A}.Release|Any CPU.ActiveCfg = Release|Any CPU
		{175BA1BF-5DED-410D-8BE1-7FE01957BB4A}.Release|Any CPU.Build.0 = Release|Any CPU
	EndGlobalSection
	GlobalSection(SolutionProperties) = preSolution
		HideSolutionNode = FALSE
	EndGlobalSection
	GlobalSection(ExtensibilityGlobals) = postSolution
		SolutionGuid = {9DA84A83-68E3-4862-AFFB-499D9A8DF20A}
	EndGlobalSection
EndGlobal
